
Microsoft Visual Studio Solution File, Format Version 12.00
# Visual Studio Version 17
VisualStudioVersion = 17.9.34616.47
MinimumVisualStudioVersion = 10.0.40219.1
Project("{9A19103F-16F7-4668-BE54-9A1E7A4F7556}") = "CatalogService.API", "Services\CatalogService\CatalogService.API\CatalogService.API.csproj", "{4FFE7041-B904-4FC4-8B5A-86A5912E89CE}"
EndProject
Project("{2150E333-8FDC-42A3-9474-1A3956D46DE8}") = "Services", "Services", "{6F816204-7E17-4982-8C78-C96CB92F9B13}"
EndProject
Project("{2150E333-8FDC-42A3-9474-1A3956D46DE8}") = "CatalogService", "CatalogService", "{D9EAB25F-0B9A-4388-A3E8-582385EC6DA6}"
EndProject
Project("{9A19103F-16F7-4668-BE54-9A1E7A4F7556}") = "CatalogService.Application", "Services\CatalogService\CatalogService.Application\CatalogService.Application.csproj", "{A679B91A-BE21-4F51-9BBD-6513CED6FBE2}"
EndProject
Project("{9A19103F-16F7-4668-BE54-9A1E7A4F7556}") = "CatalogService.Common", "Services\CatalogService\CatalogService.Common\CatalogService.Common.csproj", "{C758B29D-5973-407A-BA23-4F229FD1C2D5}"
EndProject
Project("{9A19103F-16F7-4668-BE54-9A1E7A4F7556}") = "CatalogService.Domain", "Services\CatalogService\CatalogService.Domain\CatalogService.Domain.csproj", "{51EAA231-E31E-431D-B5A1-CD4D1E8A70EB}"
EndProject
Project("{9A19103F-16F7-4668-BE54-9A1E7A4F7556}") = "CatalogService.Infrastructure", "Services\CatalogService\CatalogService.Infrastructure\CatalogService.Infrastructure.csproj", "{83400734-A545-4EBE-B17E-110ED7DA2A70}"
EndProject
Project("{2150E333-8FDC-42A3-9474-1A3956D46DE8}") = "CartService", "CartService", "{2F9690F6-F193-4C86-B14C-1B53D903F47B}"
EndProject
Project("{2150E333-8FDC-42A3-9474-1A3956D46DE8}") = "OrderService", "OrderService", "{1ECCB779-B4FF-4FDB-B6B9-40CFC1C58C75}"
EndProject
Project("{2150E333-8FDC-42A3-9474-1A3956D46DE8}") = "PaymentService", "PaymentService", "{6563819A-EC3D-4C12-92ED-ABED1A1DB1EB}"
EndProject
Project("{2150E333-8FDC-42A3-9474-1A3956D46DE8}") = "IdentityService", "IdentityService", "{D368BFEF-99A1-45E0-8E25-866528F7406A}"
EndProject
Project("{2150E333-8FDC-42A3-9474-1A3956D46DE8}") = "UserService", "UserService", "{47C4699E-5502-4034-9010-DD0C638362D3}"
EndProject
Project("{2150E333-8FDC-42A3-9474-1A3956D46DE8}") = "InventoryService", "InventoryService", "{C992CEBC-E73D-4545-9C8A-296FCDE3B995}"
EndProject
Project("{2150E333-8FDC-42A3-9474-1A3956D46DE8}") = "NotificationService", "NotificationService", "{092EC6F8-BF26-4BC8-9521-760F26B1CDCC}"
EndProject
Project("{2150E333-8FDC-42A3-9474-1A3956D46DE8}") = "PromotionService", "PromotionService", "{B4C9E2BE-7C2D-4910-91B4-7F86AA9A710C}"
EndProject
Project("{2150E333-8FDC-42A3-9474-1A3956D46DE8}") = "BuildingBlocks", "BuildingBlocks", "{70C4F80C-818A-4D83-B243-8EDF227AE264}"
EndProject
Project("{2150E333-8FDC-42A3-9474-1A3956D46DE8}") = "ApiGateway", "ApiGateway", "{7124C525-106E-437E-9F46-408B5D5A70D3}"
EndProject
Project("{2150E333-8FDC-42A3-9474-1A3956D46DE8}") = "Tests", "Tests", "{DFB00143-E397-478C-BAD5-BDF5673742DE}"
EndProject
Project("{FAE04EC0-301F-11D3-BF4B-00C04F79EFBC}") = "InventoryService.API", "Services\InventoryService\InventoryService.API\InventoryService.API.csproj", "{141F55FC-1018-42E8-B682-B45B0FB7E011}"
EndProject
Project("{FAE04EC0-301F-11D3-BF4B-00C04F79EFBC}") = "InventoryService.Application", "Services\InventoryService\InventoryService.Application\InventoryService.Application.csproj", "{33F42E71-096E-4764-B586-36EBDE429ABA}"
EndProject
Project("{FAE04EC0-301F-11D3-BF4B-00C04F79EFBC}") = "InventoryService.Domain", "Services\InventoryService\InventoryService.Domain\InventoryService.Domain.csproj", "{D34E1E92-1A71-49ED-ABA4-FBADF3BAE0FF}"
EndProject
Project("{FAE04EC0-301F-11D3-BF4B-00C04F79EFBC}") = "InventoryService.Infrastructure", "Services\InventoryService\InventoryService.Infrastructure\InventoryService.Infrastructure.csproj", "{D49B14F5-E2C0-4BD5-810D-C302EB242238}"
EndProject
Project("{FAE04EC0-301F-11D3-BF4B-00C04F79EFBC}") = "Shared", "BuildingBlocks\Shared\Shared.csproj", "{AA13462F-180A-4CF0-A43F-47D24F771D29}"
EndProject
Project("{FAE04EC0-301F-11D3-BF4B-00C04F79EFBC}") = "OcelotApiGateway", "ApiGateway\OcelotApiGateway\OcelotApiGateway.csproj", "{B6BC710A-E2ED-4DC5-AA56-BD8321AA8EEE}"
EndProject
Project("{FAE04EC0-301F-11D3-BF4B-00C04F79EFBC}") = "CatalogService.Test", "Tests\CatalogService.Test\CatalogService.Test.csproj", "{7D3E3111-6340-49C2-9442-60060029F66A}"
EndProject
Global
	GlobalSection(SolutionConfigurationPlatforms) = preSolution
		Debug|Any CPU = Debug|Any CPU
		Release|Any CPU = Release|Any CPU
	EndGlobalSection
	GlobalSection(ProjectConfigurationPlatforms) = postSolution
		{4FFE7041-B904-4FC4-8B5A-86A5912E89CE}.Debug|Any CPU.ActiveCfg = Debug|Any CPU
		{4FFE7041-B904-4FC4-8B5A-86A5912E89CE}.Debug|Any CPU.Build.0 = Debug|Any CPU
		{4FFE7041-B904-4FC4-8B5A-86A5912E89CE}.Release|Any CPU.ActiveCfg = Release|Any CPU
		{4FFE7041-B904-4FC4-8B5A-86A5912E89CE}.Release|Any CPU.Build.0 = Release|Any CPU
		{A679B91A-BE21-4F51-9BBD-6513CED6FBE2}.Debug|Any CPU.ActiveCfg = Debug|Any CPU
		{A679B91A-BE21-4F51-9BBD-6513CED6FBE2}.Debug|Any CPU.Build.0 = Debug|Any CPU
		{A679B91A-BE21-4F51-9BBD-6513CED6FBE2}.Release|Any CPU.ActiveCfg = Release|Any CPU
		{A679B91A-BE21-4F51-9BBD-6513CED6FBE2}.Release|Any CPU.Build.0 = Release|Any CPU
		{C758B29D-5973-407A-BA23-4F229FD1C2D5}.Debug|Any CPU.ActiveCfg = Debug|Any CPU
		{C758B29D-5973-407A-BA23-4F229FD1C2D5}.Debug|Any CPU.Build.0 = Debug|Any CPU
		{C758B29D-5973-407A-BA23-4F229FD1C2D5}.Release|Any CPU.ActiveCfg = Release|Any CPU
		{C758B29D-5973-407A-BA23-4F229FD1C2D5}.Release|Any CPU.Build.0 = Release|Any CPU
		{51EAA231-E31E-431D-B5A1-CD4D1E8A70EB}.Debug|Any CPU.ActiveCfg = Debug|Any CPU
		{51EAA231-E31E-431D-B5A1-CD4D1E8A70EB}.Debug|Any CPU.Build.0 = Debug|Any CPU
		{51EAA231-E31E-431D-B5A1-CD4D1E8A70EB}.Release|Any CPU.ActiveCfg = Release|Any CPU
		{51EAA231-E31E-431D-B5A1-CD4D1E8A70EB}.Release|Any CPU.Build.0 = Release|Any CPU
		{83400734-A545-4EBE-B17E-110ED7DA2A70}.Debug|Any CPU.ActiveCfg = Debug|Any CPU
		{83400734-A545-4EBE-B17E-110ED7DA2A70}.Debug|Any CPU.Build.0 = Debug|Any CPU
		{83400734-A545-4EBE-B17E-110ED7DA2A70}.Release|Any CPU.ActiveCfg = Release|Any CPU
		{83400734-A545-4EBE-B17E-110ED7DA2A70}.Release|Any CPU.Build.0 = Release|Any CPU
		{141F55FC-1018-42E8-B682-B45B0FB7E011}.Debug|Any CPU.ActiveCfg = Debug|Any CPU
		{141F55FC-1018-42E8-B682-B45B0FB7E011}.Debug|Any CPU.Build.0 = Debug|Any CPU
		{141F55FC-1018-42E8-B682-B45B0FB7E011}.Release|Any CPU.ActiveCfg = Release|Any CPU
		{141F55FC-1018-42E8-B682-B45B0FB7E011}.Release|Any CPU.Build.0 = Release|Any CPU
		{33F42E71-096E-4764-B586-36EBDE429ABA}.Debug|Any CPU.ActiveCfg = Debug|Any CPU
		{33F42E71-096E-4764-B586-36EBDE429ABA}.Debug|Any CPU.Build.0 = Debug|Any CPU
		{33F42E71-096E-4764-B586-36EBDE429ABA}.Release|Any CPU.ActiveCfg = Release|Any CPU
		{33F42E71-096E-4764-B586-36EBDE429ABA}.Release|Any CPU.Build.0 = Release|Any CPU
		{D34E1E92-1A71-49ED-ABA4-FBADF3BAE0FF}.Debug|Any CPU.ActiveCfg = Debug|Any CPU
		{D34E1E92-1A71-49ED-ABA4-FBADF3BAE0FF}.Debug|Any CPU.Build.0 = Debug|Any CPU
		{D34E1E92-1A71-49ED-ABA4-FBADF3BAE0FF}.Release|Any CPU.ActiveCfg = Release|Any CPU
		{D34E1E92-1A71-49ED-ABA4-FBADF3BAE0FF}.Release|Any CPU.Build.0 = Release|Any CPU
		{D49B14F5-E2C0-4BD5-810D-C302EB242238}.Debug|Any CPU.ActiveCfg = Debug|Any CPU
		{D49B14F5-E2C0-4BD5-810D-C302EB242238}.Debug|Any CPU.Build.0 = Debug|Any CPU
		{D49B14F5-E2C0-4BD5-810D-C302EB242238}.Release|Any CPU.ActiveCfg = Release|Any CPU
		{D49B14F5-E2C0-4BD5-810D-C302EB242238}.Release|Any CPU.Build.0 = Release|Any CPU
		{AA13462F-180A-4CF0-A43F-47D24F771D29}.Debug|Any CPU.ActiveCfg = Debug|Any CPU
		{AA13462F-180A-4CF0-A43F-47D24F771D29}.Debug|Any CPU.Build.0 = Debug|Any CPU
		{AA13462F-180A-4CF0-A43F-47D24F771D29}.Release|Any CPU.ActiveCfg = Release|Any CPU
		{AA13462F-180A-4CF0-A43F-47D24F771D29}.Release|Any CPU.Build.0 = Release|Any CPU
		{B6BC710A-E2ED-4DC5-AA56-BD8321AA8EEE}.Debug|Any CPU.ActiveCfg = Debug|Any CPU
		{B6BC710A-E2ED-4DC5-AA56-BD8321AA8EEE}.Debug|Any CPU.Build.0 = Debug|Any CPU
		{B6BC710A-E2ED-4DC5-AA56-BD8321AA8EEE}.Release|Any CPU.ActiveCfg = Release|Any CPU
		{B6BC710A-E2ED-4DC5-AA56-BD8321AA8EEE}.Release|Any CPU.Build.0 = Release|Any CPU
		{7D3E3111-6340-49C2-9442-60060029F66A}.Debug|Any CPU.ActiveCfg = Debug|Any CPU
		{7D3E3111-6340-49C2-9442-60060029F66A}.Debug|Any CPU.Build.0 = Debug|Any CPU
		{7D3E3111-6340-49C2-9442-60060029F66A}.Release|Any CPU.ActiveCfg = Release|Any CPU
		{7D3E3111-6340-49C2-9442-60060029F66A}.Release|Any CPU.Build.0 = Release|Any CPU
	EndGlobalSection
	GlobalSection(SolutionProperties) = preSolution
		HideSolutionNode = FALSE
	EndGlobalSection
	GlobalSection(NestedProjects) = preSolution
		{4FFE7041-B904-4FC4-8B5A-86A5912E89CE} = {D9EAB25F-0B9A-4388-A3E8-582385EC6DA6}
		{D9EAB25F-0B9A-4388-A3E8-582385EC6DA6} = {6F816204-7E17-4982-8C78-C96CB92F9B13}
		{A679B91A-BE21-4F51-9BBD-6513CED6FBE2} = {D9EAB25F-0B9A-4388-A3E8-582385EC6DA6}
		{C758B29D-5973-407A-BA23-4F229FD1C2D5} = {D9EAB25F-0B9A-4388-A3E8-582385EC6DA6}
		{51EAA231-E31E-431D-B5A1-CD4D1E8A70EB} = {D9EAB25F-0B9A-4388-A3E8-582385EC6DA6}
		{83400734-A545-4EBE-B17E-110ED7DA2A70} = {D9EAB25F-0B9A-4388-A3E8-582385EC6DA6}
		{2F9690F6-F193-4C86-B14C-1B53D903F47B} = {6F816204-7E17-4982-8C78-C96CB92F9B13}
		{1ECCB779-B4FF-4FDB-B6B9-40CFC1C58C75} = {6F816204-7E17-4982-8C78-C96CB92F9B13}
		{6563819A-EC3D-4C12-92ED-ABED1A1DB1EB} = {6F816204-7E17-4982-8C78-C96CB92F9B13}
		{D368BFEF-99A1-45E0-8E25-866528F7406A} = {6F816204-7E17-4982-8C78-C96CB92F9B13}
		{47C4699E-5502-4034-9010-DD0C638362D3} = {6F816204-7E17-4982-8C78-C96CB92F9B13}
		{C992CEBC-E73D-4545-9C8A-296FCDE3B995} = {6F816204-7E17-4982-8C78-C96CB92F9B13}
		{092EC6F8-BF26-4BC8-9521-760F26B1CDCC} = {6F816204-7E17-4982-8C78-C96CB92F9B13}
		{B4C9E2BE-7C2D-4910-91B4-7F86AA9A710C} = {6F816204-7E17-4982-8C78-C96CB92F9B13}
		{141F55FC-1018-42E8-B682-B45B0FB7E011} = {C992CEBC-E73D-4545-9C8A-296FCDE3B995}
		{33F42E71-096E-4764-B586-36EBDE429ABA} = {C992CEBC-E73D-4545-9C8A-296FCDE3B995}
		{D34E1E92-1A71-49ED-ABA4-FBADF3BAE0FF} = {C992CEBC-E73D-4545-9C8A-296FCDE3B995}
		{D49B14F5-E2C0-4BD5-810D-C302EB242238} = {C992CEBC-E73D-4545-9C8A-296FCDE3B995}
		{AA13462F-180A-4CF0-A43F-47D24F771D29} = {70C4F80C-818A-4D83-B243-8EDF227AE264}
		{B6BC710A-E2ED-4DC5-AA56-BD8321AA8EEE} = {7124C525-106E-437E-9F46-408B5D5A70D3}
		{7D3E3111-6340-49C2-9442-60060029F66A} = {DFB00143-E397-478C-BAD5-BDF5673742DE}
	EndGlobalSection
	GlobalSection(ExtensibilityGlobals) = postSolution
		SolutionGuid = {A812FCAA-AC15-40B2-863D-AB3ADCAE683B}
	EndGlobalSection
EndGlobal
