
Microsoft Visual Studio Solution File, Format Version 12.00
# Visual Studio Version 17
VisualStudioVersion = 17.9.34616.47
MinimumVisualStudioVersion = 10.0.40219.1
Project("{9A19103F-16F7-4668-BE54-9A1E7A4F7556}") = "E-Commerce", "E-Commerce.csproj", "{F1E42092-E8FC-430D-A42F-376A1BDA85A8}"
EndProject
Project("{FAE04EC0-301F-11D3-BF4B-00C04F79EFBC}") = "E-Commerce.Common", "..\E-Commerce.Common\E-Commerce.Common.csproj", "{0C6B7352-1F75-4847-8444-DC7D54104EA9}"
EndProject
Project("{FAE04EC0-301F-11D3-BF4B-00C04F79EFBC}") = "E-Commerce.Domain", "..\E-Commerce.Domain\E-Commerce.Domain.csproj", "{575C61D4-A29A-4178-A5A9-0DEC267FCD61}"
EndProject
Project("{FAE04EC0-301F-11D3-BF4B-00C04F79EFBC}") = "E-Commerce.Application", "..\E-Commerce.Application\E-Commerce.Application.csproj", "{F3884BBB-E0BD-40EB-8096-34128CF479DC}"
EndProject
Global
	GlobalSection(SolutionConfigurationPlatforms) = preSolution
		Debug|Any CPU = Debug|Any CPU
		Release|Any CPU = Release|Any CPU
	EndGlobalSection
	GlobalSection(ProjectConfigurationPlatforms) = postSolution
		{F1E42092-E8FC-430D-A42F-376A1BDA85A8}.Debug|Any CPU.ActiveCfg = Debug|Any CPU
		{F1E42092-E8FC-430D-A42F-376A1BDA85A8}.Debug|Any CPU.Build.0 = Debug|Any CPU
		{F1E42092-E8FC-430D-A42F-376A1BDA85A8}.Release|Any CPU.ActiveCfg = Release|Any CPU
		{F1E42092-E8FC-430D-A42F-376A1BDA85A8}.Release|Any CPU.Build.0 = Release|Any CPU
		{0C6B7352-1F75-4847-8444-DC7D54104EA9}.Debug|Any CPU.ActiveCfg = Debug|Any CPU
		{0C6B7352-1F75-4847-8444-DC7D54104EA9}.Debug|Any CPU.Build.0 = Debug|Any CPU
		{0C6B7352-1F75-4847-8444-DC7D54104EA9}.Release|Any CPU.ActiveCfg = Release|Any CPU
		{0C6B7352-1F75-4847-8444-DC7D54104EA9}.Release|Any CPU.Build.0 = Release|Any CPU
		{575C61D4-A29A-4178-A5A9-0DEC267FCD61}.Debug|Any CPU.ActiveCfg = Debug|Any CPU
		{575C61D4-A29A-4178-A5A9-0DEC267FCD61}.Debug|Any CPU.Build.0 = Debug|Any CPU
		{575C61D4-A29A-4178-A5A9-0DEC267FCD61}.Release|Any CPU.ActiveCfg = Release|Any CPU
		{575C61D4-A29A-4178-A5A9-0DEC267FCD61}.Release|Any CPU.Build.0 = Release|Any CPU
		{F3884BBB-E0BD-40EB-8096-34128CF479DC}.Debug|Any CPU.ActiveCfg = Debug|Any CPU
		{F3884BBB-E0BD-40EB-8096-34128CF479DC}.Debug|Any CPU.Build.0 = Debug|Any CPU
		{F3884BBB-E0BD-40EB-8096-34128CF479DC}.Release|Any CPU.ActiveCfg = Release|Any CPU
		{F3884BBB-E0BD-40EB-8096-34128CF479DC}.Release|Any CPU.Build.0 = Release|Any CPU
	EndGlobalSection
	GlobalSection(SolutionProperties) = preSolution
		HideSolutionNode = FALSE
	EndGlobalSection
	GlobalSection(ExtensibilityGlobals) = postSolution
		SolutionGuid = {4D24D9BB-520E-4D20-91C5-6825A2231AAB}
	EndGlobalSection
EndGlobal
